{
  "name": "cds-pg-gh-pages",
  "version": "1.0.0",
  "lockfileVersion": 1,
  "requires": true,
  "dependencies": {
    "reveal.js": {
      "version": "4.1.0",
      "resolved": "https://registry.npmjs.org/reveal.js/-/reveal.js-4.1.0.tgz",
      "integrity": "sha512-lYOMhxSWgq5jtgspF7eRL0d2rBnHO/VGZ4/qp46yu+eGoWqJkYHEuepEXzx71M8MI6Rf8HBYWaTnKi5uHWcU1Q=="
    }
  }
}
